
Microsoft Visual Studio Solution File, Format Version 12.00
# Visual Studio 2012
Project("{FAE04EC0-301F-11D3-BF4B-00C04F79EFBC}") = "CSharpReview", "CSharpReview\CSharpReview.csproj", "{04985E0B-9F1F-4DFA-9F78-EE57CEA9B76D}"
EndProject
Project("{FAE04EC0-301F-11D3-BF4B-00C04F79EFBC}") = "ReviewCSharp.Test", "ReviewCSharp.Test\ReviewCSharp.Test.csproj", "{C89A57AA-D806-454C-8729-242F9BDEE503}"
EndProject
Project("{2150E333-8FDC-42A3-9474-1A3956D46DE8}") = "CAB", "CAB", "{AE0F2545-7921-4F14-92B3-E5E2CA4601FE}"
EndProject
Project("{FAE04EC0-301F-11D3-BF4B-00C04F79EFBC}") = "CABCustomer", "CAB\CABCustomer\CABCustomer.csproj", "{BBFC8ED6-611C-431B-85EA-9CD5A76CF72A}"
EndProject
Project("{FAE04EC0-301F-11D3-BF4B-00C04F79EFBC}") = "CABCustomer.Contract", "CAB\CABCustomer.Contract\CABCustomer.Contract.csproj", "{798C388A-0B58-4DC4-8696-985E7D7C686C}"
EndProject
Project("{FAE04EC0-301F-11D3-BF4B-00C04F79EFBC}") = "CABCustomer.Control", "CAB\CABCustomer.Control\CABCustomer.Control.csproj", "{79C7AB17-7E3F-4B73-9887-35162484F937}"
EndProject
Project("{FAE04EC0-301F-11D3-BF4B-00C04F79EFBC}") = "CABCustomer.Model", "CAB\CABCustomer.Model\CABCustomer.Model.csproj", "{8DE123B3-B89D-45E3-B592-AE3C67AD2F59}"
EndProject
Project("{FAE04EC0-301F-11D3-BF4B-00C04F79EFBC}") = "CABCustomer.Service", "CAB\CABCustomer.Service\CABCustomer.Service.csproj", "{AEAC3ADD-A70F-4213-B7DA-506AB4032AD3}"
EndProject
Global
	GlobalSection(SolutionConfigurationPlatforms) = preSolution
		Debug|Any CPU = Debug|Any CPU
		Release|Any CPU = Release|Any CPU
	EndGlobalSection
	GlobalSection(ProjectConfigurationPlatforms) = postSolution
		{04985E0B-9F1F-4DFA-9F78-EE57CEA9B76D}.Debug|Any CPU.ActiveCfg = Debug|Any CPU
		{04985E0B-9F1F-4DFA-9F78-EE57CEA9B76D}.Debug|Any CPU.Build.0 = Debug|Any CPU
		{04985E0B-9F1F-4DFA-9F78-EE57CEA9B76D}.Release|Any CPU.ActiveCfg = Release|Any CPU
		{04985E0B-9F1F-4DFA-9F78-EE57CEA9B76D}.Release|Any CPU.Build.0 = Release|Any CPU
		{C89A57AA-D806-454C-8729-242F9BDEE503}.Debug|Any CPU.ActiveCfg = Debug|Any CPU
		{C89A57AA-D806-454C-8729-242F9BDEE503}.Debug|Any CPU.Build.0 = Debug|Any CPU
		{C89A57AA-D806-454C-8729-242F9BDEE503}.Release|Any CPU.ActiveCfg = Release|Any CPU
		{C89A57AA-D806-454C-8729-242F9BDEE503}.Release|Any CPU.Build.0 = Release|Any CPU
		{BBFC8ED6-611C-431B-85EA-9CD5A76CF72A}.Debug|Any CPU.ActiveCfg = Debug|Any CPU
		{BBFC8ED6-611C-431B-85EA-9CD5A76CF72A}.Debug|Any CPU.Build.0 = Debug|Any CPU
		{BBFC8ED6-611C-431B-85EA-9CD5A76CF72A}.Release|Any CPU.ActiveCfg = Release|Any CPU
		{BBFC8ED6-611C-431B-85EA-9CD5A76CF72A}.Release|Any CPU.Build.0 = Release|Any CPU
		{798C388A-0B58-4DC4-8696-985E7D7C686C}.Debug|Any CPU.ActiveCfg = Debug|Any CPU
		{798C388A-0B58-4DC4-8696-985E7D7C686C}.Debug|Any CPU.Build.0 = Debug|Any CPU
		{798C388A-0B58-4DC4-8696-985E7D7C686C}.Release|Any CPU.ActiveCfg = Release|Any CPU
		{798C388A-0B58-4DC4-8696-985E7D7C686C}.Release|Any CPU.Build.0 = Release|Any CPU
		{79C7AB17-7E3F-4B73-9887-35162484F937}.Debug|Any CPU.ActiveCfg = Debug|Any CPU
		{79C7AB17-7E3F-4B73-9887-35162484F937}.Debug|Any CPU.Build.0 = Debug|Any CPU
		{79C7AB17-7E3F-4B73-9887-35162484F937}.Release|Any CPU.ActiveCfg = Release|Any CPU
		{79C7AB17-7E3F-4B73-9887-35162484F937}.Release|Any CPU.Build.0 = Release|Any CPU
		{8DE123B3-B89D-45E3-B592-AE3C67AD2F59}.Debug|Any CPU.ActiveCfg = Debug|Any CPU
		{8DE123B3-B89D-45E3-B592-AE3C67AD2F59}.Debug|Any CPU.Build.0 = Debug|Any CPU
		{8DE123B3-B89D-45E3-B592-AE3C67AD2F59}.Release|Any CPU.ActiveCfg = Release|Any CPU
		{8DE123B3-B89D-45E3-B592-AE3C67AD2F59}.Release|Any CPU.Build.0 = Release|Any CPU
		{AEAC3ADD-A70F-4213-B7DA-506AB4032AD3}.Debug|Any CPU.ActiveCfg = Debug|Any CPU
		{AEAC3ADD-A70F-4213-B7DA-506AB4032AD3}.Debug|Any CPU.Build.0 = Debug|Any CPU
		{AEAC3ADD-A70F-4213-B7DA-506AB4032AD3}.Release|Any CPU.ActiveCfg = Release|Any CPU
		{AEAC3ADD-A70F-4213-B7DA-506AB4032AD3}.Release|Any CPU.Build.0 = Release|Any CPU
	EndGlobalSection
	GlobalSection(SolutionProperties) = preSolution
		HideSolutionNode = FALSE
	EndGlobalSection
	GlobalSection(NestedProjects) = preSolution
		{BBFC8ED6-611C-431B-85EA-9CD5A76CF72A} = {AE0F2545-7921-4F14-92B3-E5E2CA4601FE}
		{798C388A-0B58-4DC4-8696-985E7D7C686C} = {AE0F2545-7921-4F14-92B3-E5E2CA4601FE}
		{79C7AB17-7E3F-4B73-9887-35162484F937} = {AE0F2545-7921-4F14-92B3-E5E2CA4601FE}
		{8DE123B3-B89D-45E3-B592-AE3C67AD2F59} = {AE0F2545-7921-4F14-92B3-E5E2CA4601FE}
		{AEAC3ADD-A70F-4213-B7DA-506AB4032AD3} = {AE0F2545-7921-4F14-92B3-E5E2CA4601FE}
	EndGlobalSection
EndGlobal
